// !$*UTF8*$!
{
	archiveVersion = 1;
	classes = {
	};
	objectVersion = 77;
	objects = {

/* Begin PBXBuildFile section */
		E1B8966130049DA0001C7FD7 /* FactoryKit in Frameworks */ = {isa = PBXBuildFile; productRef = E1B8966030049DA0001C7FD7 /* FactoryKit */; };
		E1B8966630049DA0001C7FD7 /* KeychainAccess in Frameworks */ = {isa = PBXBuildFile; productRef = E1B8966530049DA0001C7FD7 /* KeychainAccess */; };
		E1B8966830049DA0001C7FD7 /* Nuke in Frameworks */ = {isa = PBXBuildFile; productRef = E1B8966730049DA0001C7FD7 /* Nuke */; };
		E1B8966A30049DA0001C7FD7 /* NukeUI in Frameworks */ = {isa = PBXBuildFile; productRef = E1B8966930049DA0001C7FD7 /* NukeUI */; };
/* End PBXBuildFile section */

/* Begin PBXContainerItemProxy section */
		E1B8964030049BD7001C7FD7 /* PBXContainerItemProxy */ = {
			isa = PBXContainerItemProxy;
			containerPortal = E1B8962530049BD6001C7FD7 /* Project object */;
			proxyType = 1;
			remoteGlobalIDString = E1B8962C30049BD6001C7FD7;
			remoteInfo = Chatify;
		};
		E1B8964A30049BD7001C7FD7 /* PBXContainerItemProxy */ = {
			isa = PBXContainerItemProxy;
			containerPortal = E1B8962530049BD6001C7FD7 /* Project object */;
			proxyType = 1;
			remoteGlobalIDString = E1B8962C30049BD6001C7FD7;
			remoteInfo = Chatify;
		};
/* End PBXContainerItemProxy section */

/* Begin PBXCopyFilesBuildPhase section */
		E1B8966B30049DA0001C7FD7 /* Embed Frameworks */ = {
			isa = PBXCopyFilesBuildPhase;
			buildActionMask = 2147483647;
			dstPath = "";
			dstSubfolderSpec = 10;
			files = (
			);
			name = "Embed Frameworks";
			runOnlyForDeploymentPostprocessing = 0;
		};
/* End PBXCopyFilesBuildPhase section */

/* Begin PBXFileReference section */
		E1B8962D30049BD6001C7FD7 /* Chatify.app */ = {isa = PBXFileReference; explicitFileType = wrapper.application; includeInIndex = 0; path = Chatify.app; sourceTree = BUILT_PRODUCTS_DIR; };
		E1B8963F30049BD7001C7FD7 /* ChatifyTests.xctest */ = {isa = PBXFileReference; explicitFileType = wrapper.cfbundle; includeInIndex = 0; path = ChatifyTests.xctest; sourceTree = BUILT_PRODUCTS_DIR; };
		E1B8964930049BD7001C7FD7 /* ChatifyUITests.xctest */ = {isa = PBXFileReference; explicitFileType = wrapper.cfbundle; includeInIndex = 0; path = ChatifyUITests.xctest; sourceTree = BUILT_PRODUCTS_DIR; };
/* End PBXFileReference section */

/* Begin PBXFileSystemSynchronizedBuildFileExceptionSet section */
		E1B9A9303004AC320089C177 /* Exceptions for "Chatify" folder in "Chatify" target */ = {
			isa = PBXFileSystemSynchronizedBuildFileExceptionSet;
			membershipExceptions = (
				Info.plist,
			);
			target = E1B8962C30049BD6001C7FD7 /* Chatify */;
		};
/* End PBXFileSystemSynchronizedBuildFileExceptionSet section */

/* Begin PBXFileSystemSynchronizedRootGroup section */
		E1B8962F30049BD6001C7FD7 /* Chatify */ = {
			isa = PBXFileSystemSynchronizedRootGroup;
			exceptions = (
				E1B9A9303004AC320089C177 /* Exceptions for "Chatify" folder in "Chatify" target */,
			);
			path = Chatify;
			sourceTree = "<group>";
		};
		E1B8964230049BD7001C7FD7 /* ChatifyTests */ = {
			isa = PBXFileSystemSynchronizedRootGroup;
			path = ChatifyTests;
			sourceTree = "<group>";
		};
		E1B8964C30049BD7001C7FD7 /* ChatifyUITests */ = {
			isa = PBXFileSystemSynchronizedRootGroup;
			path = ChatifyUITests;
			sourceTree = "<group>";
		};
/* End PBXFileSystemSynchronizedRootGroup section */

/* Begin PBXFrameworksBuildPhase section */
		E1B8962A30049BD6001C7FD7 /* Frameworks */ = {
			isa = PBXFrameworksBuildPhase;
			buildActionMask = 2147483647;
			files = (
				E1B8966A30049DA0001C7FD7 /* NukeUI in Frameworks */,
				E1B8966130049DA0001C7FD7 /* FactoryKit in Frameworks */,
				E1B8966630049DA0001C7FD7 /* KeychainAccess in Frameworks */,
				E1B8966830049DA0001C7FD7 /* Nuke in Frameworks */,
			);
			runOnlyForDeploymentPostprocessing = 0;
		};
		E1B8963C30049BD7001C7FD7 /* Frameworks */ = {
			isa = PBXFrameworksBuildPhase;
			buildActionMask = 2147483647;
			files = (
			);
			runOnlyForDeploymentPostprocessing = 0;
		};
		E1B8964630049BD7001C7FD7 /* Frameworks */ = {
			isa = PBXFrameworksBuildPhase;
			buildActionMask = 2147483647;
			files = (
			);
			runOnlyForDeploymentPostprocessing = 0;
		};
/* End PBXFrameworksBuildPhase section */

/* Begin PBXGroup section */
		E1B8962430049BD6001C7FD7 = {
			isa = PBXGroup;
			children = (
				E1B8962F30049BD6001C7FD7 /* Chatify */,
				E1B8964230049BD7001C7FD7 /* ChatifyTests */,
				E1B8964C30049BD7001C7FD7 /* ChatifyUITests */,
				E1B8965F30049DA0001C7FD7 /* Frameworks */,
				E1B8962E30049BD6001C7FD7 /* Products */,
			);
			sourceTree = "<group>";
		};
		E1B8962E30049BD6001C7FD7 /* Products */ = {
			isa = PBXGroup;
			children = (
				E1B8962D30049BD6001C7FD7 /* Chatify.app */,
				E1B8963F30049BD7001C7FD7 /* ChatifyTests.xctest */,
				E1B8964930049BD7001C7FD7 /* ChatifyUITests.xctest */,
			);
			name = Products;
			sourceTree = "<group>";
		};
		E1B8965F30049DA0001C7FD7 /* Frameworks */ = {
			isa = PBXGroup;
			children = (
			);
			name = Frameworks;
			sourceTree = "<group>";
		};
/* End PBXGroup section */

/* Begin PBXNativeTarget section */
		E1B8962C30049BD6001C7FD7 /* Chatify */ = {
			isa = PBXNativeTarget;
			buildConfigurationList = E1B8965330049BD7001C7FD7 /* Build configuration list for PBXNativeTarget "Chatify" */;
			buildPhases = (
				E1B8962930049BD6001C7FD7 /* Sources */,
				E1B8962A30049BD6001C7FD7 /* Frameworks */,
				E1B8962B30049BD6001C7FD7 /* Resources */,
				E1B8966B30049DA0001C7FD7 /* Embed Frameworks */,
			);
			buildRules = (
			);
			dependencies = (
			);
			fileSystemSynchronizedGroups = (
				E1B8962F30049BD6001C7FD7 /* Chatify */,
			);
			name = Chatify;
			packageProductDependencies = (
				E1B8966030049DA0001C7FD7 /* FactoryKit */,
				E1B8966530049DA0001C7FD7 /* KeychainAccess */,
				E1B8966730049DA0001C7FD7 /* Nuke */,
				E1B8966930049DA0001C7FD7 /* NukeUI */,
			);
			productName = Chatify;
			productReference = E1B8962D30049BD6001C7FD7 /* Chatify.app */;
			productType = "com.apple.product-type.application";
		};
		E1B8963E30049BD7001C7FD7 /* ChatifyTests */ = {
			isa = PBXNativeTarget;
			buildConfigurationList = E1B8965630049BD7001C7FD7 /* Build configuration list for PBXNativeTarget "ChatifyTests" */;
			buildPhases = (
				E1B8963B30049BD7001C7FD7 /* Sources */,
				E1B8963C30049BD7001C7FD7 /* Frameworks */,
				E1B8963D30049BD7001C7FD7 /* Resources */,
			);
			buildRules = (
			);
			dependencies = (
				E1B8964130049BD7001C7FD7 /* PBXTargetDependency */,
			);
			fileSystemSynchronizedGroups = (
				E1B8964230049BD7001C7FD7 /* ChatifyTests */,
			);
			name = ChatifyTests;
			packageProductDependencies = (
			);
			productName = ChatifyTests;
			productReference = E1B8963F30049BD7001C7FD7 /* ChatifyTests.xctest */;
			productType = "com.apple.product-type.bundle.unit-test";
		};
		E1B8964830049BD7001C7FD7 /* ChatifyUITests */ = {
			isa = PBXNativeTarget;
			buildConfigurationList = E1B8965930049BD7001C7FD7 /* Build configuration list for PBXNativeTarget "ChatifyUITests" */;
			buildPhases = (
				E1B8964530049BD7001C7FD7 /* Sources */,
				E1B8964630049BD7001C7FD7 /* Frameworks */,
				E1B8964730049BD7001C7FD7 /* Resources */,
			);
			buildRules = (
			);
			dependencies = (
				E1B8964B30049BD7001C7FD7 /* PBXTargetDependency */,
			);
			fileSystemSynchronizedGroups = (
				E1B8964C30049BD7001C7FD7 /* ChatifyUITests */,
			);
			name = ChatifyUITests;
			packageProductDependencies = (
			);
			productName = ChatifyUITests;
			productReference = E1B8964930049BD7001C7FD7 /* ChatifyUITests.xctest */;
			productType = "com.apple.product-type.bundle.ui-testing";
		};
/* End PBXNativeTarget section */

/* Begin PBXProject section */
		E1B8962530049BD6001C7FD7 /* Project object */ = {
			isa = PBXProject;
			attributes = {
				BuildIndependentTargetsInParallel = 1;
				LastSwiftUpdateCheck = 2660;
				LastUpgradeCheck = 2660;
				TargetAttributes = {
					E1B8962C30049BD6001C7FD7 = {
						CreatedOnToolsVersion = 26.6;
					};
					E1B8963E30049BD7001C7FD7 = {
						CreatedOnToolsVersion = 26.6;
						TestTargetID = E1B8962C30049BD6001C7FD7;
					};
					E1B8964830049BD7001C7FD7 = {
						CreatedOnToolsVersion = 26.6;
						TestTargetID = E1B8962C30049BD6001C7FD7;
					};
				};
			};
			buildConfigurationList = E1B8962830049BD6001C7FD7 /* Build configuration list for PBXProject "Chatify" */;
			developmentRegion = en;
			hasScannedForEncodings = 0;
			knownRegions = (
				en,
				Base,
			);
			mainGroup = E1B8962430049BD6001C7FD7;
			minimizedProjectReferenceProxies = 1;
			packageReferences = (
				E1B8965C30049BF5001C7FD7 /* XCRemoteSwiftPackageReference "Factory" */,
				E1B8965D30049D0F001C7FD7 /* XCRemoteSwiftPackageReference "KeychainAccess" */,
				E1B8965E30049D87001C7FD7 /* XCRemoteSwiftPackageReference "Nuke" */,
			);
			preferredProjectObjectVersion = 77;
			productRefGroup = E1B8962E30049BD6001C7FD7 /* Products */;
			projectDirPath = "";
			projectRoot = "";
			targets = (
				E1B8962C30049BD6001C7FD7 /* Chatify */,
				E1B8963E30049BD7001C7FD7 /* ChatifyTests */,
				E1B8964830049BD7001C7FD7 /* ChatifyUITests */,
			);
		};
/* End PBXProject section */

/* Begin PBXResourcesBuildPhase section */
		E1B8962B30049BD6001C7FD7 /* Resources */ = {
			isa = PBXResourcesBuildPhase;
			buildActionMask = 2147483647;
			files = (
			);
			runOnlyForDeploymentPostprocessing = 0;
		};
		E1B8963D30049BD7001C7FD7 /* Resources */ = {
			isa = PBXResourcesBuildPhase;
			buildActionMask = 2147483647;
			files = (
			);
			runOnlyForDeploymentPostprocessing = 0;
		};
		E1B8964730049BD7001C7FD7 /* Resources */ = {
			isa = PBXResourcesBuildPhase;
			buildActionMask = 2147483647;
			files = (
			);
			runOnlyForDeploymentPostprocessing = 0;
		};
/* End PBXResourcesBuildPhase section */

/* Begin PBXSourcesBuildPhase section */
		E1B8962930049BD6001C7FD7 /* Sources */ = {
			isa = PBXSourcesBuildPhase;
			buildActionMask = 2147483647;
			files = (
			);
			runOnlyForDeploymentPostprocessing = 0;
		};
		E1B8963B30049BD7001C7FD7 /* Sources */ = {
			isa = PBXSourcesBuildPhase;
			buildActionMask = 2147483647;
			files = (
			);
			runOnlyForDeploymentPostprocessing = 0;
		};
		E1B8964530049BD7001C7FD7 /* Sources */ = {
			isa = PBXSourcesBuildPhase;
			buildActionMask = 2147483647;
			files = (
			);
			runOnlyForDeploymentPostprocessing = 0;
		};
/* End PBXSourcesBuildPhase section */

/* Begin PBXTargetDependency section */
		E1B8964130049BD7001C7FD7 /* PBXTargetDependency */ = {
			isa = PBXTargetDependency;
			target = E1B8962C30049BD6001C7FD7 /* Chatify */;
			targetProxy = E1B8964030049BD7001C7FD7 /* PBXContainerItemProxy */;
		};
		E1B8964B30049BD7001C7FD7 /* PBXTargetDependency */ = {
			isa = PBXTargetDependency;
			target = E1B8962C30049BD6001C7FD7 /* Chatify */;
			targetProxy = E1B8964A30049BD7001C7FD7 /* PBXContainerItemProxy */;
		};
/* End PBXTargetDependency section */

/* Begin XCBuildConfiguration section */
		E1B8965130049BD7001C7FD7 /* Debug */ = {
			isa = XCBuildConfiguration;
			baseConfigurationReferenceAnchor = E1B8962F30049BD6001C7FD7 /* Chatify */;
			baseConfigurationReferenceRelativePath = Config/Dev.xcconfig;
			buildSettings = {
				ALWAYS_SEARCH_USER_PATHS = NO;
				ASSETCATALOG_COMPILER_GENERATE_SWIFT_ASSET_SYMBOL_EXTENSIONS = YES;
				CLANG_ANALYZER_NONNULL = YES;
				CLANG_ANALYZER_NUMBER_OBJECT_CONVERSION = YES_AGGRESSIVE;
				CLANG_CXX_LANGUAGE_STANDARD = "gnu++20";
				CLANG_ENABLE_MODULES = YES;
				CLANG_ENABLE_OBJC_ARC = YES;
				CLANG_ENABLE_OBJC_WEAK = YES;
				CLANG_WARN_BLOCK_CAPTURE_AUTORELEASING = YES;
				CLANG_WARN_BOOL_CONVERSION = YES;
				CLANG_WARN_COMMA = YES;
				CLANG_WARN_CONSTANT_CONVERSION = YES;
				CLANG_WARN_DEPRECATED_OBJC_IMPLEMENTATIONS = YES;
				CLANG_WARN_DIRECT_OBJC_ISA_USAGE = YES_ERROR;
				CLANG_WARN_DOCUMENTATION_COMMENTS = YES;
				CLANG_WARN_EMPTY_BODY = YES;
				CLANG_WARN_ENUM_CONVERSION = YES;
				CLANG_WARN_INFINITE_RECURSION = YES;
				CLANG_WARN_INT_CONVERSION = YES;
				CLANG_WARN_NON_LITERAL_NULL_CONVERSION = YES;
				CLANG_WARN_OBJC_IMPLICIT_RETAIN_SELF = YES;
				CLANG_WARN_OBJC_LITERAL_CONVERSION = YES;
				CLANG_WARN_OBJC_ROOT_CLASS = YES_ERROR;
				CLANG_WARN_QUOTED_INCLUDE_IN_FRAMEWORK_HEADER = YES;
				CLANG_WARN_RANGE_LOOP_ANALYSIS = YES;
				CLANG_WARN_STRICT_PROTOTYPES = YES;
				CLANG_WARN_SUSPICIOUS_MOVE = YES;
				CLANG_WARN_UNGUARDED_AVAILABILITY = YES_AGGRESSIVE;
				CLANG_WARN_UNREACHABLE_CODE = YES;
				CLANG_WARN__DUPLICATE_METHOD_MATCH = YES;
				COPY_PHASE_STRIP = NO;
				DEBUG_INFORMATION_FORMAT = dwarf;
				ENABLE_STRICT_OBJC_MSGSEND = YES;
				ENABLE_TESTABILITY = YES;
				ENABLE_USER_SCRIPT_SANDBOXING = YES;
				GCC_C_LANGUAGE_STANDARD = gnu17;
				GCC_DYNAMIC_NO_PIC = NO;
				GCC_NO_COMMON_BLOCKS = YES;
				GCC_OPTIMIZATION_LEVEL = 0;
				GCC_PREPROCESSOR_DEFINITIONS = (
					"DEBUG=1",
					"$(inherited)",
				);
				GCC_WARN_64_TO_32_BIT_CONVERSION = YES;
				GCC_WARN_ABOUT_RETURN_TYPE = YES_ERROR;
				GCC_WARN_UNDECLARED_SELECTOR = YES;
				GCC_WARN_UNINITIALIZED_AUTOS = YES_AGGRESSIVE;
				GCC_WARN_UNUSED_FUNCTION = YES;
				GCC_WARN_UNUSED_VARIABLE = YES;
				IPHONEOS_DEPLOYMENT_TARGET = 26.5;
				LOCALIZATION_PREFERS_STRING_CATALOGS = YES;
				MTL_ENABLE_DEBUG_INFO = INCLUDE_SOURCE;
				MTL_FAST_MATH = YES;
				ONLY_ACTIVE_ARCH = YES;
				SDKROOT = iphoneos;
				SWIFT_ACTIVE_COMPILATION_CONDITIONS = "DEBUG $(inherited)";
				SWIFT_OPTIMIZATION_LEVEL = "-Onone";
			};
			name = Debug;
		};
		E1B8965230049BD7001C7FD7 /* Release */ = {
			isa = XCBuildConfiguration;
			baseConfigurationReferenceAnchor = E1B8962F30049BD6001C7FD7 /* Chatify */;
			baseConfigurationReferenceRelativePath = Config/Prod.xcconfig;
			buildSettings = {
				ALWAYS_SEARCH_USER_PATHS = NO;
				ASSETCATALOG_COMPILER_GENERATE_SWIFT_ASSET_SYMBOL_EXTENSIONS = YES;
				CLANG_ANALYZER_NONNULL = YES;
				CLANG_ANALYZER_NUMBER_OBJECT_CONVERSION = YES_AGGRESSIVE;
				CLANG_CXX_LANGUAGE_STANDARD = "gnu++20";
				CLANG_ENABLE_MODULES = YES;
				CLANG_ENABLE_OBJC_ARC = YES;
				CLANG_ENABLE_OBJC_WEAK = YES;
				CLANG_WARN_BLOCK_CAPTURE_AUTORELEASING = YES;
				CLANG_WARN_BOOL_CONVERSION = YES;
				CLANG_WARN_COMMA = YES;
				CLANG_WARN_CONSTANT_CONVERSION = YES;
				CLANG_WARN_DEPRECATED_OBJC_IMPLEMENTATIONS = YES;
				CLANG_WARN_DIRECT_OBJC_ISA_USAGE = YES_ERROR;
				CLANG_WARN_DOCUMENTATION_COMMENTS = YES;
				CLANG_WARN_EMPTY_BODY = YES;
				CLANG_WARN_ENUM_CONVERSION = YES;
				CLANG_WARN_INFINITE_RECURSION = YES;
				CLANG_WARN_INT_CONVERSION = YES;
				CLANG_WARN_NON_LITERAL_NULL_CONVERSION = YES;
				CLANG_WARN_OBJC_IMPLICIT_RETAIN_SELF = YES;
				CLANG_WARN_OBJC_LITERAL_CONVERSION = YES;
				CLANG_WARN_OBJC_ROOT_CLASS = YES_ERROR;
				CLANG_WARN_QUOTED_INCLUDE_IN_FRAMEWORK_HEADER = YES;
				CLANG_WARN_RANGE_LOOP_ANALYSIS = YES;
				CLANG_WARN_STRICT_PROTOTYPES = YES;
				CLANG_WARN_SUSPICIOUS_MOVE = YES;
				CLANG_WARN_UNGUARDED_AVAILABILITY = YES_AGGRESSIVE;
				CLANG_WARN_UNREACHABLE_CODE = YES;
				CLANG_WARN__DUPLICATE_METHOD_MATCH = YES;
				COPY_PHASE_STRIP = NO;
				DEBUG_INFORMATION_FORMAT = "dwarf-with-dsym";
				ENABLE_NS_ASSERTIONS = NO;
				ENABLE_STRICT_OBJC_MSGSEND = YES;
				ENABLE_USER_SCRIPT_SANDBOXING = YES;
				GCC_C_LANGUAGE_STANDARD = gnu17;
				GCC_NO_COMMON_BLOCKS = YES;
				GCC_WARN_64_TO_32_BIT_CONVERSION = YES;
				GCC_WARN_ABOUT_RETURN_TYPE = YES_ERROR;
				GCC_WARN_UNDECLARED_SELECTOR = YES;
				GCC_WARN_UNINITIALIZED_AUTOS = YES_AGGRESSIVE;
				GCC_WARN_UNUSED_FUNCTION = YES;
				GCC_WARN_UNUSED_VARIABLE = YES;
				IPHONEOS_DEPLOYMENT_TARGET = 26.5;
				LOCALIZATION_PREFERS_STRING_CATALOGS = YES;
				MTL_ENABLE_DEBUG_INFO = NO;
				MTL_FAST_MATH = YES;
				SDKROOT = iphoneos;
				SWIFT_COMPILATION_MODE = wholemodule;
				VALIDATE_PRODUCT = YES;
			};
			name = Release;
		};
		E1B8965430049BD7001C7FD7 /* Debug */ = {
			isa = XCBuildConfiguration;
			baseConfigurationReferenceAnchor = E1B8962F30049BD6001C7FD7 /* Chatify */;
			baseConfigurationReferenceRelativePath = Config/Dev.xcconfig;
			buildSettings = {
				ASSETCATALOG_COMPILER_APPICON_NAME = AppIcon;
				ASSETCATALOG_COMPILER_GLOBAL_ACCENT_COLOR_NAME = AccentColor;
				CODE_SIGN_STYLE = Automatic;
				CURRENT_PROJECT_VERSION = 1;
				ENABLE_PREVIEWS = YES;
				GENERATE_INFOPLIST_FILE = YES;
				INFOPLIST_FILE = Chatify/Info.plist;
				INFOPLIST_KEY_UIApplicationSceneManifest_Generation = YES;
				INFOPLIST_KEY_UIApplicationSupportsIndirectInputEvents = YES;
				INFOPLIST_KEY_UILaunchScreen_Generation = YES;
				INFOPLIST_KEY_UISupportedInterfaceOrientations_iPad = "UIInterfaceOrientationPortrait UIInterfaceOrientationPortraitUpsideDown UIInterfaceOrientationLandscapeLeft UIInterfaceOrientationLandscapeRight";
				INFOPLIST_KEY_UISupportedInterfaceOrientations_iPhone = "UIInterfaceOrientationPortrait UIInterfaceOrientationLandscapeLeft UIInterfaceOrientationLandscapeRight";
				LD_RUNPATH_SEARCH_PATHS = (
					"$(inherited)",
					"@executable_path/Frameworks",
				);
				MARKETING_VERSION = 1.0;
				PRODUCT_BUNDLE_IDENTIFIER = com.abc.com.Chatify;
				PRODUCT_NAME = "$(TARGET_NAME)";
				STRING_CATALOG_GENERATE_SYMBOLS = YES;
				SWIFT_APPROACHABLE_CONCURRENCY = YES;
				SWIFT_DEFAULT_ACTOR_ISOLATION = MainActor;
				SWIFT_EMIT_LOC_STRINGS = YES;
				SWIFT_UPCOMING_FEATURE_MEMBER_IMPORT_VISIBILITY = YES;
				SWIFT_VERSION = 5.0;
				TARGETED_DEVICE_FAMILY = "1,2";
			};
			name = Debug;
		};
		E1B8965530049BD7001C7FD7 /* Release */ = {
			isa = XCBuildConfiguration;
			baseConfigurationReferenceAnchor = E1B8962F30049BD6001C7FD7 /* Chatify */;
			baseConfigurationReferenceRelativePath = Config/Prod.xcconfig;
			buildSettings = {
				ASSETCATALOG_COMPILER_APPICON_NAME = AppIcon;
				ASSETCATALOG_COMPILER_GLOBAL_ACCENT_COLOR_NAME = AccentColor;
				CODE_SIGN_STYLE = Automatic;
				CURRENT_PROJECT_VERSION = 1;
				ENABLE_PREVIEWS = YES;
				GENERATE_INFOPLIST_FILE = YES;
				INFOPLIST_FILE = Chatify/Info.plist;
				INFOPLIST_KEY_UIApplicationSceneManifest_Generation = YES;
				INFOPLIST_KEY_UIApplicationSupportsIndirectInputEvents = YES;
				INFOPLIST_KEY_UILaunchScreen_Generation = YES;
				INFOPLIST_KEY_UISupportedInterfaceOrientations_iPad = "UIInterfaceOrientationPortrait UIInterfaceOrientationPortraitUpsideDown UIInterfaceOrientationLandscapeLeft UIInterfaceOrientationLandscapeRight";
				INFOPLIST_KEY_UISupportedInterfaceOrientations_iPhone = "UIInterfaceOrientationPortrait UIInterfaceOrientationLandscapeLeft UIInterfaceOrientationLandscapeRight";
				LD_RUNPATH_SEARCH_PATHS = (
					"$(inherited)",
					"@executable_path/Frameworks",
				);
				MARKETING_VERSION = 1.0;
				PRODUCT_BUNDLE_IDENTIFIER = com.abc.com.Chatify;
				PRODUCT_NAME = "$(TARGET_NAME)";
				STRING_CATALOG_GENERATE_SYMBOLS = YES;
				SWIFT_APPROACHABLE_CONCURRENCY = YES;
				SWIFT_DEFAULT_ACTOR_ISOLATION = MainActor;
				SWIFT_EMIT_LOC_STRINGS = YES;
				SWIFT_UPCOMING_FEATURE_MEMBER_IMPORT_VISIBILITY = YES;
				SWIFT_VERSION = 5.0;
				TARGETED_DEVICE_FAMILY = "1,2";
			};
			name = Release;
		};
		E1B8965730049BD7001C7FD7 /* Debug */ = {
			isa = XCBuildConfiguration;
			baseConfigurationReferenceAnchor = E1B8962F30049BD6001C7FD7 /* Chatify */;
			baseConfigurationReferenceRelativePath = Config/Dev.xcconfig;
			buildSettings = {
				BUNDLE_LOADER = "$(TEST_HOST)";
				CODE_SIGN_STYLE = Automatic;
				CURRENT_PROJECT_VERSION = 1;
				GENERATE_INFOPLIST_FILE = YES;
				IPHONEOS_DEPLOYMENT_TARGET = 26.5;
				MARKETING_VERSION = 1.0;
				PRODUCT_BUNDLE_IDENTIFIER = com.abc.com.ChatifyTests;
				PRODUCT_NAME = "$(TARGET_NAME)";
				STRING_CATALOG_GENERATE_SYMBOLS = NO;
				SWIFT_APPROACHABLE_CONCURRENCY = YES;
				SWIFT_EMIT_LOC_STRINGS = NO;
				SWIFT_UPCOMING_FEATURE_MEMBER_IMPORT_VISIBILITY = YES;
				SWIFT_VERSION = 5.0;
				TARGETED_DEVICE_FAMILY = "1,2";
				TEST_HOST = "$(BUILT_PRODUCTS_DIR)/Chatify.app/$(BUNDLE_EXECUTABLE_FOLDER_PATH)/Chatify";
			};
			name = Debug;
		};
		E1B8965830049BD7001C7FD7 /* Release */ = {
			isa = XCBuildConfiguration;
			baseConfigurationReferenceAnchor = E1B8962F30049BD6001C7FD7 /* Chatify */;
			baseConfigurationReferenceRelativePath = Config/Prod.xcconfig;
			buildSettings = {
				BUNDLE_LOADER = "$(TEST_HOST)";
				CODE_SIGN_STYLE = Automatic;
				CURRENT_PROJECT_VERSION = 1;
				GENERATE_INFOPLIST_FILE = YES;
				IPHONEOS_DEPLOYMENT_TARGET = 26.5;
				MARKETING_VERSION = 1.0;
				PRODUCT_BUNDLE_IDENTIFIER = com.abc.com.ChatifyTests;
				PRODUCT_NAME = "$(TARGET_NAME)";
				STRING_CATALOG_GENERATE_SYMBOLS = NO;
				SWIFT_APPROACHABLE_CONCURRENCY = YES;
				SWIFT_EMIT_LOC_STRINGS = NO;
				SWIFT_UPCOMING_FEATURE_MEMBER_IMPORT_VISIBILITY = YES;
				SWIFT_VERSION = 5.0;
				TARGETED_DEVICE_FAMILY = "1,2";
				TEST_HOST = "$(BUILT_PRODUCTS_DIR)/Chatify.app/$(BUNDLE_EXECUTABLE_FOLDER_PATH)/Chatify";
			};
			name = Release;
		};
		E1B8965A30049BD7001C7FD7 /* Debug */ = {
			isa = XCBuildConfiguration;
			baseConfigurationReferenceAnchor = E1B8962F30049BD6001C7FD7 /* Chatify */;
			baseConfigurationReferenceRelativePath = Config/Dev.xcconfig;
			buildSettings = {
				CODE_SIGN_STYLE = Automatic;
				CURRENT_PROJECT_VERSION = 1;
				GENERATE_INFOPLIST_FILE = YES;
				MARKETING_VERSION = 1.0;
				PRODUCT_BUNDLE_IDENTIFIER = com.abc.com.ChatifyUITests;
				PRODUCT_NAME = "$(TARGET_NAME)";
				STRING_CATALOG_GENERATE_SYMBOLS = NO;
				SWIFT_APPROACHABLE_CONCURRENCY = YES;
				SWIFT_EMIT_LOC_STRINGS = NO;
				SWIFT_UPCOMING_FEATURE_MEMBER_IMPORT_VISIBILITY = YES;
				SWIFT_VERSION = 5.0;
				TARGETED_DEVICE_FAMILY = "1,2";
				TEST_TARGET_NAME = Chatify;
			};
			name = Debug;
		};
		E1B8965B30049BD7001C7FD7 /* Release */ = {
			isa = XCBuildConfiguration;
			baseConfigurationReferenceAnchor = E1B8962F30049BD6001C7FD7 /* Chatify */;
			baseConfigurationReferenceRelativePath = Config/Prod.xcconfig;
			buildSettings = {
				CODE_SIGN_STYLE = Automatic;
				CURRENT_PROJECT_VERSION = 1;
				GENERATE_INFOPLIST_FILE = YES;
				MARKETING_VERSION = 1.0;
				PRODUCT_BUNDLE_IDENTIFIER = com.abc.com.ChatifyUITests;
				PRODUCT_NAME = "$(TARGET_NAME)";
				STRING_CATALOG_GENERATE_SYMBOLS = NO;
				SWIFT_APPROACHABLE_CONCURRENCY = YES;
				SWIFT_EMIT_LOC_STRINGS = NO;
				SWIFT_UPCOMING_FEATURE_MEMBER_IMPORT_VISIBILITY = YES;
				SWIFT_VERSION = 5.0;
				TARGETED_DEVICE_FAMILY = "1,2";
				TEST_TARGET_NAME = Chatify;
			};
			name = Release;
		};
/* End XCBuildConfiguration section */

/* Begin XCConfigurationList section */
		E1B8962830049BD6001C7FD7 /* Build configuration list for PBXProject "Chatify" */ = {
			isa = XCConfigurationList;
			buildConfigurations = (
				E1B8965130049BD7001C7FD7 /* Debug */,
				E1B8965230049BD7001C7FD7 /* Release */,
			);
			defaultConfigurationIsVisible = 0;
			defaultConfigurationName = Release;
		};
		E1B8965330049BD7001C7FD7 /* Build configuration list for PBXNativeTarget "Chatify" */ = {
			isa = XCConfigurationList;
			buildConfigurations = (
				E1B8965430049BD7001C7FD7 /* Debug */,
				E1B8965530049BD7001C7FD7 /* Release */,
			);
			defaultConfigurationIsVisible = 0;
			defaultConfigurationName = Release;
		};
		E1B8965630049BD7001C7FD7 /* Build configuration list for PBXNativeTarget "ChatifyTests" */ = {
			isa = XCConfigurationList;
			buildConfigurations = (
				E1B8965730049BD7001C7FD7 /* Debug */,
				E1B8965830049BD7001C7FD7 /* Release */,
			);
			defaultConfigurationIsVisible = 0;
			defaultConfigurationName = Release;
		};
		E1B8965930049BD7001C7FD7 /* Build configuration list for PBXNativeTarget "ChatifyUITests" */ = {
			isa = XCConfigurationList;
			buildConfigurations = (
				E1B8965A30049BD7001C7FD7 /* Debug */,
				E1B8965B30049BD7001C7FD7 /* Release */,
			);
			defaultConfigurationIsVisible = 0;
			defaultConfigurationName = Release;
		};
/* End XCConfigurationList section */

/* Begin XCRemoteSwiftPackageReference section */
		E1B8965C30049BF5001C7FD7 /* XCRemoteSwiftPackageReference "Factory" */ = {
			isa = XCRemoteSwiftPackageReference;
			repositoryURL = "https://github.com/hmlongco/Factory";
			requirement = {
				kind = upToNextMajorVersion;
				minimumVersion = 3.3.1;
			};
		};
		E1B8965D30049D0F001C7FD7 /* XCRemoteSwiftPackageReference "KeychainAccess" */ = {
			isa = XCRemoteSwiftPackageReference;
			repositoryURL = "https://github.com/kishikawakatsumi/KeychainAccess.git";
			requirement = {
				branch = master;
				kind = branch;
			};
		};
		E1B8965E30049D87001C7FD7 /* XCRemoteSwiftPackageReference "Nuke" */ = {
			isa = XCRemoteSwiftPackageReference;
			repositoryURL = "https://github.com/kean/Nuke";
			requirement = {
				kind = upToNextMajorVersion;
				minimumVersion = 13.0.6;
			};
		};
/* End XCRemoteSwiftPackageReference section */

/* Begin XCSwiftPackageProductDependency section */
		E1B8966030049DA0001C7FD7 /* FactoryKit */ = {
			isa = XCSwiftPackageProductDependency;
			package = E1B8965C30049BF5001C7FD7 /* XCRemoteSwiftPackageReference "Factory" */;
			productName = FactoryKit;
		};
		E1B8966530049DA0001C7FD7 /* KeychainAccess */ = {
			isa = XCSwiftPackageProductDependency;
			package = E1B8965D30049D0F001C7FD7 /* XCRemoteSwiftPackageReference "KeychainAccess" */;
			productName = KeychainAccess;
		};
		E1B8966730049DA0001C7FD7 /* Nuke */ = {
			isa = XCSwiftPackageProductDependency;
			package = E1B8965E30049D87001C7FD7 /* XCRemoteSwiftPackageReference "Nuke" */;
			productName = Nuke;
		};
		E1B8966930049DA0001C7FD7 /* NukeUI */ = {
			isa = XCSwiftPackageProductDependency;
			package = E1B8965E30049D87001C7FD7 /* XCRemoteSwiftPackageReference "Nuke" */;
			productName = NukeUI;
		};
/* End XCSwiftPackageProductDependency section */
	};
	rootObject = E1B8962530049BD6001C7FD7 /* Project object */;
}
